
Microsoft Visual Studio Solution File, Format Version 12.00
# Visual Studio Version 16
VisualStudioVersion = 16.0.30804.86
MinimumVisualStudioVersion = 10.0.40219.1
Project("{FAE04EC0-301F-11D3-BF4B-00C04F79EFBC}") = "CP77_depack_save", "CP77_depack_save\CP77_depack_save.csproj", "{EE20C02C-A0D6-4A4D-8DBD-3D80A4B12207}"
EndProject
Global
	GlobalSection(SolutionConfigurationPlatforms) = preSolution
		Debug|Any CPU = Debug|Any CPU
		Release|Any CPU = Release|Any CPU
	EndGlobalSection
	GlobalSection(ProjectConfigurationPlatforms) = postSolution
		{EE20C02C-A0D6-4A4D-8DBD-3D80A4B12207}.Debug|Any CPU.ActiveCfg = Debug|Any CPU
		{EE20C02C-A0D6-4A4D-8DBD-3D80A4B12207}.Debug|Any CPU.Build.0 = Debug|Any CPU
		{EE20C02C-A0D6-4A4D-8DBD-3D80A4B12207}.Release|Any CPU.ActiveCfg = Release|Any CPU
		{EE20C02C-A0D6-4A4D-8DBD-3D80A4B12207}.Release|Any CPU.Build.0 = Release|Any CPU
	EndGlobalSection
	GlobalSection(SolutionProperties) = preSolution
		HideSolutionNode = FALSE
	EndGlobalSection
	GlobalSection(ExtensibilityGlobals) = postSolution
		SolutionGuid = {55649677-E3A0-4A37-BA00-75EBFB1C41AF}
	EndGlobalSection
EndGlobal
